github.com/wowchemy/wowchemy-hugo-modules/wowchemy-cms/v5 v5.0.0-20220423180919-17d5d3f0ca43 h1:p6ln1ioL16uDrsdWZkZTABRMHKgY1F9S/yEGyQe3hKM=
github.com/wowchemy/wowchemy-hugo-modules/wowchemy-cms/v5 v5.0.0-20220423180919-17d5d3f0ca43/go.mod h1:Sp/AKo+2HAPi/IPHp1MEdKPmee+mzO5+efUBUPLPqPE=
github.com/wowchemy/wowchemy-hugo-modules/wowchemy/v5 v5.0.0-20220423180919-17d5d3f0ca43 h1:V7AKJ/rPhoFcFmaZoTiVRgEf2QrBxsh7zp42IykV5mg=
github.com/wowchemy/wowchemy-hugo-modules/wowchemy/v5 v5.0.0-20220423180919-17d5d3f0ca43/go.mod h1:2iL9rdrUYyJXX2BeHKfK+QbqZlubCsaR60nQ87NRQTY=
