github.com/wowchemy/wowchemy-hugo-modules/wowchemy v0.0.0-20210526223849-81ba17522966 h1:qQ+BOah36CL2HMtG4NLZGhZ0MGBwq7CPy9DPll1U8Yk=
github.com/wowchemy/wowchemy-hugo-modules/wowchemy v0.0.0-20210526223849-81ba17522966/go.mod h1:H22qfH9qj3FWwsk7+bAZpmT24yRGNQURah2/IRwjbn8=
github.com/wowchemy/wowchemy-hugo-modules/wowchemy-cms v0.0.0-20210526223849-81ba17522966 h1:WZer9Efx+RVA6ywDcyWNdQyZi3j/Sr77AVy1oHKEu7s=
github.com/wowchemy/wowchemy-hugo-modules/wowchemy-cms v0.0.0-20210526223849-81ba17522966/go.mod h1:AKpYbqUVlj0VYsc7Jsxe1o8Ko2yV31A5ZPdfpACcXJw=
